
Microsoft Visual Studio Solution File, Format Version 12.00
# Visual Studio 15
VisualStudioVersion = 15.0.27004.2002
MinimumVisualStudioVersion = 10.0.40219.1
Project("{FAE04EC0-301F-11D3-BF4B-00C04F79EFBC}") = "DSFun", "DSFun\DSFun.csproj", "{44E974B1-D9E6-49BF-B428-39CF11D14FEC}"
EndProject
Project("{FAE04EC0-301F-11D3-BF4B-00C04F79EFBC}") = "ImplementationFun", "ImplementationFun\ImplementationFun.csproj", "{39762289-B9A7-49E6-B83E-EE1B0F30C0C9}"
EndProject
Project("{FAE04EC0-301F-11D3-BF4B-00C04F79EFBC}") = "DS", "DS\DS.csproj", "{7CB6E776-036B-40DE-8508-59584E0E3154}"
EndProject
Project("{FAE04EC0-301F-11D3-BF4B-00C04F79EFBC}") = "Algorithm", "Algorithm\Algorithm.csproj", "{9F36A6A7-B707-48CA-8ACA-210D56720CA1}"
EndProject
Global
	GlobalSection(SolutionConfigurationPlatforms) = preSolution
		Debug|Any CPU = Debug|Any CPU
		Release|Any CPU = Release|Any CPU
	EndGlobalSection
	GlobalSection(ProjectConfigurationPlatforms) = postSolution
		{44E974B1-D9E6-49BF-B428-39CF11D14FEC}.Debug|Any CPU.ActiveCfg = Debug|Any CPU
		{44E974B1-D9E6-49BF-B428-39CF11D14FEC}.Debug|Any CPU.Build.0 = Debug|Any CPU
		{44E974B1-D9E6-49BF-B428-39CF11D14FEC}.Release|Any CPU.ActiveCfg = Release|Any CPU
		{44E974B1-D9E6-49BF-B428-39CF11D14FEC}.Release|Any CPU.Build.0 = Release|Any CPU
		{39762289-B9A7-49E6-B83E-EE1B0F30C0C9}.Debug|Any CPU.ActiveCfg = Debug|Any CPU
		{39762289-B9A7-49E6-B83E-EE1B0F30C0C9}.Debug|Any CPU.Build.0 = Debug|Any CPU
		{39762289-B9A7-49E6-B83E-EE1B0F30C0C9}.Release|Any CPU.ActiveCfg = Release|Any CPU
		{39762289-B9A7-49E6-B83E-EE1B0F30C0C9}.Release|Any CPU.Build.0 = Release|Any CPU
		{7CB6E776-036B-40DE-8508-59584E0E3154}.Debug|Any CPU.ActiveCfg = Debug|Any CPU
		{7CB6E776-036B-40DE-8508-59584E0E3154}.Debug|Any CPU.Build.0 = Debug|Any CPU
		{7CB6E776-036B-40DE-8508-59584E0E3154}.Release|Any CPU.ActiveCfg = Release|Any CPU
		{7CB6E776-036B-40DE-8508-59584E0E3154}.Release|Any CPU.Build.0 = Release|Any CPU
		{9F36A6A7-B707-48CA-8ACA-210D56720CA1}.Debug|Any CPU.ActiveCfg = Debug|Any CPU
		{9F36A6A7-B707-48CA-8ACA-210D56720CA1}.Debug|Any CPU.Build.0 = Debug|Any CPU
		{9F36A6A7-B707-48CA-8ACA-210D56720CA1}.Release|Any CPU.ActiveCfg = Release|Any CPU
		{9F36A6A7-B707-48CA-8ACA-210D56720CA1}.Release|Any CPU.Build.0 = Release|Any CPU
	EndGlobalSection
	GlobalSection(SolutionProperties) = preSolution
		HideSolutionNode = FALSE
	EndGlobalSection
	GlobalSection(ExtensibilityGlobals) = postSolution
		SolutionGuid = {B3B26DBF-F541-4977-9B31-1DC65101189C}
	EndGlobalSection
EndGlobal
